
Microsoft Visual Studio Solution File, Format Version 12.00
# Visual Studio Version 17
VisualStudioVersion = 17.0.31903.59
MinimumVisualStudioVersion = 10.0.40219.1
Project("{2150E333-8FDC-42A3-9474-1A3956D46DE8}") = "src", "src", "{827E0CD3-B72D-47B6-A68D-7590B98EB39B}"
EndProject
Project("{FAE04EC0-301F-11D3-BF4B-00C04F79EFBC}") = "Raiven.Core", "src\Raiven.Core\Raiven.Core.csproj", "{464EB131-D5B5-4942-8A95-690F2A077E4F}"
EndProject
Project("{FAE04EC0-301F-11D3-BF4B-00C04F79EFBC}") = "Raiven.App", "src\Raiven.App\Raiven.App.csproj", "{96183987-8BF2-4700-B11B-76A05FA33CC5}"
EndProject
Project("{2150E333-8FDC-42A3-9474-1A3956D46DE8}") = "tests", "tests", "{0AB3BF05-4346-4AA6-1389-037BE0695223}"
EndProject
Project("{FAE04EC0-301F-11D3-BF4B-00C04F79EFBC}") = "Raiven.Core.Tests", "tests\Raiven.Core.Tests\Raiven.Core.Tests.csproj", "{8387C45B-F348-47A4-AE6D-7252ACB93EDB}"
EndProject
Global
	GlobalSection(SolutionConfigurationPlatforms) = preSolution
		Debug|Any CPU = Debug|Any CPU
		Debug|x64 = Debug|x64
		Debug|x86 = Debug|x86
		Release|Any CPU = Release|Any CPU
		Release|x64 = Release|x64
		Release|x86 = Release|x86
	EndGlobalSection
	GlobalSection(ProjectConfigurationPlatforms) = postSolution
		{464EB131-D5B5-4942-8A95-690F2A077E4F}.Debug|Any CPU.ActiveCfg = Debug|Any CPU
		{464EB131-D5B5-4942-8A95-690F2A077E4F}.Debug|Any CPU.Build.0 = Debug|Any CPU
		{464EB131-D5B5-4942-8A95-690F2A077E4F}.Debug|x64.ActiveCfg = Debug|Any CPU
		{464EB131-D5B5-4942-8A95-690F2A077E4F}.Debug|x64.Build.0 = Debug|Any CPU
		{464EB131-D5B5-4942-8A95-690F2A077E4F}.Debug|x86.ActiveCfg = Debug|Any CPU
		{464EB131-D5B5-4942-8A95-690F2A077E4F}.Debug|x86.Build.0 = Debug|Any CPU
		{464EB131-D5B5-4942-8A95-690F2A077E4F}.Release|Any CPU.ActiveCfg = Release|Any CPU
		{464EB131-D5B5-4942-8A95-690F2A077E4F}.Release|Any CPU.Build.0 = Release|Any CPU
		{464EB131-D5B5-4942-8A95-690F2A077E4F}.Release|x64.ActiveCfg = Release|Any CPU
		{464EB131-D5B5-4942-8A95-690F2A077E4F}.Release|x64.Build.0 = Release|Any CPU
		{464EB131-D5B5-4942-8A95-690F2A077E4F}.Release|x86.ActiveCfg = Release|Any CPU
		{464EB131-D5B5-4942-8A95-690F2A077E4F}.Release|x86.Build.0 = Release|Any CPU
		{96183987-8BF2-4700-B11B-76A05FA33CC5}.Debug|Any CPU.ActiveCfg = Debug|Any CPU
		{96183987-8BF2-4700-B11B-76A05FA33CC5}.Debug|Any CPU.Build.0 = Debug|Any CPU
		{96183987-8BF2-4700-B11B-76A05FA33CC5}.Debug|x64.ActiveCfg = Debug|Any CPU
		{96183987-8BF2-4700-B11B-76A05FA33CC5}.Debug|x64.Build.0 = Debug|Any CPU
		{96183987-8BF2-4700-B11B-76A05FA33CC5}.Debug|x86.ActiveCfg = Debug|Any CPU
		{96183987-8BF2-4700-B11B-76A05FA33CC5}.Debug|x86.Build.0 = Debug|Any CPU
		{96183987-8BF2-4700-B11B-76A05FA33CC5}.Release|Any CPU.ActiveCfg = Release|Any CPU
		{96183987-8BF2-4700-B11B-76A05FA33CC5}.Release|Any CPU.Build.0 = Release|Any CPU
		{96183987-8BF2-4700-B11B-76A05FA33CC5}.Release|x64.ActiveCfg = Release|Any CPU
		{96183987-8BF2-4700-B11B-76A05FA33CC5}.Release|x64.Build.0 = Release|Any CPU
		{96183987-8BF2-4700-B11B-76A05FA33CC5}.Release|x86.ActiveCfg = Release|Any CPU
		{96183987-8BF2-4700-B11B-76A05FA33CC5}.Release|x86.Build.0 = Release|Any CPU
		{8387C45B-F348-47A4-AE6D-7252ACB93EDB}.Debug|Any CPU.ActiveCfg = Debug|Any CPU
		{8387C45B-F348-47A4-AE6D-7252ACB93EDB}.Debug|Any CPU.Build.0 = Debug|Any CPU
		{8387C45B-F348-47A4-AE6D-7252ACB93EDB}.Debug|x64.ActiveCfg = Debug|Any CPU
		{8387C45B-F348-47A4-AE6D-7252ACB93EDB}.Debug|x64.Build.0 = Debug|Any CPU
		{8387C45B-F348-47A4-AE6D-7252ACB93EDB}.Debug|x86.ActiveCfg = Debug|Any CPU
		{8387C45B-F348-47A4-AE6D-7252ACB93EDB}.Debug|x86.Build.0 = Debug|Any CPU
		{8387C45B-F348-47A4-AE6D-7252ACB93EDB}.Release|Any CPU.ActiveCfg = Release|Any CPU
		{8387C45B-F348-47A4-AE6D-7252ACB93EDB}.Release|Any CPU.Build.0 = Release|Any CPU
		{8387C45B-F348-47A4-AE6D-7252ACB93EDB}.Release|x64.ActiveCfg = Release|Any CPU
		{8387C45B-F348-47A4-AE6D-7252ACB93EDB}.Release|x64.Build.0 = Release|Any CPU
		{8387C45B-F348-47A4-AE6D-7252ACB93EDB}.Release|x86.ActiveCfg = Release|Any CPU
		{8387C45B-F348-47A4-AE6D-7252ACB93EDB}.Release|x86.Build.0 = Release|Any CPU
	EndGlobalSection
	GlobalSection(SolutionProperties) = preSolution
		HideSolutionNode = FALSE
	EndGlobalSection
	GlobalSection(NestedProjects) = preSolution
		{464EB131-D5B5-4942-8A95-690F2A077E4F} = {827E0CD3-B72D-47B6-A68D-7590B98EB39B}
		{96183987-8BF2-4700-B11B-76A05FA33CC5} = {827E0CD3-B72D-47B6-A68D-7590B98EB39B}
		{8387C45B-F348-47A4-AE6D-7252ACB93EDB} = {0AB3BF05-4346-4AA6-1389-037BE0695223}
	EndGlobalSection
EndGlobal
